lockfileVersion: '9.0'

settings:
  autoInstallPeers: true
  excludeLinksFromLockfile: false

importers:

  .:
    dependencies:
      diacritics:
        specifier: ^1.3.0
        version: 1.3.0
      dotenv:
        specifier: ^16.4.5
        version: 16.4.5
      node-fetch:
        specifier: ^3.3.2
        version: 3.3.2
      serialport:
        specifier: ^12.0.0
        version: 12.0.0
      socket.io-client:
        specifier: ^4.7.5
        version: 4.7.5

packages:

  '@serialport/binding-mock@10.2.2':
    resolution: {integrity: sha512-HAFzGhk9OuFMpuor7aT5G1ChPgn5qSsklTFOTUX72Rl6p0xwcSVsRtG/xaGp6bxpN7fI9D/S8THLBWbBgS6ldw==}
    engines: {node: '>=12.0.0'}

  '@serialport/bindings-cpp@12.0.1':
    resolution: {integrity: sha512-r2XOwY2dDvbW7dKqSPIk2gzsr6M6Qpe9+/Ngs94fNaNlcTRCV02PfaoDmRgcubpNVVcLATlxSxPTIDw12dbKOg==}
    engines: {node: '>=16.0.0'}

  '@serialport/bindings-interface@1.2.2':
    resolution: {integrity: sha512-CJaUd5bLvtM9c5dmO9rPBHPXTa9R2UwpkJ0wdh9JCYcbrPWsKz+ErvR0hBLeo7NPeiFdjFO4sonRljiw4d2XiA==}
    engines: {node: ^12.22 || ^14.13 || >=16}

  '@serialport/parser-byte-length@12.0.0':
    resolution: {integrity: sha512-0ei0txFAj+s6FTiCJFBJ1T2hpKkX8Md0Pu6dqMrYoirjPskDLJRgZGLqoy3/lnU1bkvHpnJO+9oJ3PB9v8rNlg==}
    engines: {node: '>=12.0.0'}

  '@serialport/parser-cctalk@12.0.0':
    resolution: {integrity: sha512-0PfLzO9t2X5ufKuBO34DQKLXrCCqS9xz2D0pfuaLNeTkyGUBv426zxoMf3rsMRodDOZNbFblu3Ae84MOQXjnZw==}
    engines: {node: '>=12.0.0'}

  '@serialport/parser-delimiter@11.0.0':
    resolution: {integrity: sha512-aZLJhlRTjSmEwllLG7S4J8s8ctRAS0cbvCpO87smLvl3e4BgzbVgF6Z6zaJd3Aji2uSiYgfedCdNc4L6W+1E2g==}
    engines: {node: '>=12.0.0'}

  '@serialport/parser-delimiter@12.0.0':
    resolution: {integrity: sha512-gu26tVt5lQoybhorLTPsH2j2LnX3AOP2x/34+DUSTNaUTzu2fBXw+isVjQJpUBFWu6aeQRZw5bJol5X9Gxjblw==}
    engines: {node: '>=12.0.0'}

  '@serialport/parser-inter-byte-timeout@12.0.0':
    resolution: {integrity: sha512-GnCh8K0NAESfhCuXAt+FfBRz1Cf9CzIgXfp7SdMgXwrtuUnCC/yuRTUFWRvuzhYKoAo1TL0hhUo77SFHUH1T/w==}
    engines: {node: '>=12.0.0'}

  '@serialport/parser-packet-length@12.0.0':
    resolution: {integrity: sha512-p1hiCRqvGHHLCN/8ZiPUY/G0zrxd7gtZs251n+cfNTn+87rwcdUeu9Dps3Aadx30/sOGGFL6brIRGK4l/t7MuQ==}
    engines: {node: '>=8.6.0'}

  '@serialport/parser-readline@11.0.0':
    resolution: {integrity: sha512-rRAivhRkT3YO28WjmmG4FQX6L+KMb5/ikhyylRfzWPw0nSXy97+u07peS9CbHqaNvJkMhH1locp2H36aGMOEIA==}
    engines: {node: '>=12.0.0'}

  '@serialport/parser-readline@12.0.0':
    resolution: {integrity: sha512-O7cywCWC8PiOMvo/gglEBfAkLjp/SENEML46BXDykfKP5mTPM46XMaX1L0waWU6DXJpBgjaL7+yX6VriVPbN4w==}
    engines: {node: '>=12.0.0'}

  '@serialport/parser-ready@12.0.0':
    resolution: {integrity: sha512-ygDwj3O4SDpZlbrRUraoXIoIqb8sM7aMKryGjYTIF0JRnKeB1ys8+wIp0RFMdFbO62YriUDextHB5Um5cKFSWg==}
    engines: {node: '>=12.0.0'}

  '@serialport/parser-regex@12.0.0':
    resolution: {integrity: sha512-dCAVh4P/pZrLcPv9NJ2mvPRBg64L5jXuiRxIlyxxdZGH4WubwXVXY/kBTihQmiAMPxbT3yshSX8f2+feqWsxqA==}
    engines: {node: '>=12.0.0'}

  '@serialport/parser-slip-encoder@12.0.0':
    resolution: {integrity: sha512-0APxDGR9YvJXTRfY+uRGhzOhTpU5akSH183RUcwzN7QXh8/1jwFsFLCu0grmAUfi+fItCkR+Xr1TcNJLR13VNA==}
    engines: {node: '>=12.0.0'}

  '@serialport/parser-spacepacket@12.0.0':
    resolution: {integrity: sha512-dozONxhPC/78pntuxpz/NOtVps8qIc/UZzdc/LuPvVsqCoJXiRxOg6ZtCP/W58iibJDKPZPAWPGYeZt9DJxI+Q==}
    engines: {node: '>=12.0.0'}

  '@serialport/stream@12.0.0':
    resolution: {integrity: sha512-9On64rhzuqKdOQyiYLYv2lQOh3TZU/D3+IWCR5gk0alPel2nwpp4YwDEGiUBfrQZEdQ6xww0PWkzqth4wqwX3Q==}
    engines: {node: '>=12.0.0'}

  '@socket.io/component-emitter@3.1.2':
    resolution: {integrity: sha512-9BCxFwvbGg/RsZK9tjXd8s4UcwR0MWeFQ1XEKIQVVvAGJyINdrqKMcTRyLoK8Rse1GjzLV9cwjWV1olXRWEXVA==}

  data-uri-to-buffer@4.0.1:
    resolution: {integrity: sha512-0R9ikRb668HB7QDxT1vkpuUBtqc53YyAwMwGeUFKRojY/NWKvdZ+9UYtRfGmhqNbRkTSVpMbmyhXipFFv2cb/A==}
    engines: {node: '>= 12'}

  debug@4.3.4:
    resolution: {integrity: sha512-PRWFHuSU3eDtQJPvnNY7Jcket1j0t5OuOsFzPPzsekD52Zl8qUfFIPEiswXqIvHWGVHOgX+7G/vCNNhehwxfkQ==}
    engines: {node: '>=6.0'}
    peerDependencies:
      supports-color: '*'
    peerDependenciesMeta:
      supports-color:
        optional: true

  debug@4.3.5:
    resolution: {integrity: sha512-pt0bNEmneDIvdL1Xsd9oDQ/wrQRkXDT4AUWlNZNPKvW5x/jyO9VFXkJUP07vQ2upmw5PlaITaPKc31jK13V+jg==}
    engines: {node: '>=6.0'}
    peerDependencies:
      supports-color: '*'
    peerDependenciesMeta:
      supports-color:
        optional: true

  diacritics@1.3.0:
    resolution: {integrity: sha512-wlwEkqcsaxvPJML+rDh/2iS824jbREk6DUMUKkEaSlxdYHeS43cClJtsWglvw2RfeXGm6ohKDqsXteJ5sP5enA==}

  dotenv@16.4.5:
    resolution: {integrity: sha512-ZmdL2rui+eB2YwhsWzjInR8LldtZHGDoQ1ugH85ppHKwpUHL7j7rN0Ti9NCnGiQbhaZ11FpR+7ao1dNsmduNUg==}
    engines: {node: '>=12'}

  engine.io-client@6.5.4:
    resolution: {integrity: sha512-GeZeeRjpD2qf49cZQ0Wvh/8NJNfeXkXXcoGh+F77oEAgo9gUHwT1fCRxSNU+YEEaysOJTnsFHmM5oAcPy4ntvQ==}

  engine.io-parser@5.2.3:
    resolution: {integrity: sha512-HqD3yTBfnBxIrbnM1DoD6Pcq8NECnh8d4As1Qgh0z5Gg3jRRIqijury0CL3ghu/edArpUYiYqQiDUQBIs4np3Q==}
    engines: {node: '>=10.0.0'}

  fetch-blob@3.2.0:
    resolution: {integrity: sha512-7yAQpD2UMJzLi1Dqv7qFYnPbaPx7ZfFK6PiIxQ4PfkGPyNyl2Ugx+a/umUonmKqjhM4DnfbMvdX6otXq83soQQ==}
    engines: {node: ^12.20 || >= 14.13}

  formdata-polyfill@4.0.10:
    resolution: {integrity: sha512-buewHzMvYL29jdeQTVILecSaZKnt/RJWjoZCF5OW60Z67/GmSLBkOFM7qh1PI3zFNtJbaZL5eQu1vLfazOwj4g==}
    engines: {node: '>=12.20.0'}

  ms@2.1.2:
    resolution: {integrity: sha512-sGkPx+VjMtmA6MX27oA4FBFELFCZZ4S4XqeGOXCv68tT+jb3vk/RyaKWP0PTKyWtmLSM0b+adUTEvbs1PEaH2w==}

  node-addon-api@7.0.0:
    resolution: {integrity: sha512-vgbBJTS4m5/KkE16t5Ly0WW9hz46swAstv0hYYwMtbG7AznRhNyfLRe8HZAiWIpcHzoO7HxhLuBQj9rJ/Ho0ZA==}

  node-domexception@1.0.0:
    resolution: {integrity: sha512-/jKZoMpw0F8GRwl4/eLROPA3cfcXtLApP0QzLmUT/HuPCZWyB7IY9ZrMeKw2O/nFIqPQB3PVM9aYm0F312AXDQ==}
    engines: {node: '>=10.5.0'}

  node-fetch@3.3.2:
    resolution: {integrity: sha512-dRB78srN/l6gqWulah9SrxeYnxeddIG30+GOqK/9OlLVyLg3HPnr6SqOWTWOXKRwC2eGYCkZ59NNuSgvSrpgOA==}
    engines: {node: ^12.20.0 || ^14.13.1 || >=16.0.0}

  node-gyp-build@4.6.0:
    resolution: {integrity: sha512-NTZVKn9IylLwUzaKjkas1e4u2DLNcV4rdYagA4PWdPwW87Bi7z+BznyKSRwS/761tV/lzCGXplWsiaMjLqP2zQ==}
    hasBin: true

  serialport@12.0.0:
    resolution: {integrity: sha512-AmH3D9hHPFmnF/oq/rvigfiAouAKyK/TjnrkwZRYSFZxNggJxwvbAbfYrLeuvq7ktUdhuHdVdSjj852Z55R+uA==}
    engines: {node: '>=16.0.0'}

  socket.io-client@4.7.5:
    resolution: {integrity: sha512-sJ/tqHOCe7Z50JCBCXrsY3I2k03iOiUe+tj1OmKeD2lXPiGH/RUCdTZFoqVyN7l1MnpIzPrGtLcijffmeouNlQ==}
    engines: {node: '>=10.0.0'}

  socket.io-parser@4.2.4:
    resolution: {integrity: sha512-/GbIKmo8ioc+NIWIhwdecY0ge+qVBSMdgxGygevmdHj24bsfgtCmcUUcQ5ZzcylGFHsN3k4HB4Cgkl96KVnuew==}
    engines: {node: '>=10.0.0'}

  web-streams-polyfill@3.3.3:
    resolution: {integrity: sha512-d2JWLCivmZYTSIoge9MsgFCZrt571BikcWGYkjC1khllbTeDlGqZ2D8vD8E/lJa8WGWbb7Plm8/XJYV7IJHZZw==}
    engines: {node: '>= 8'}

  ws@8.17.1:
    resolution: {integrity: sha512-6XQFvXTkbfUOZOKKILFG1PDK2NDQs4azKQl26T0YS5CxqWLgXajbPZ+h4gZekJyRqFU8pvnbAbbs/3TgRPy+GQ==}
    engines: {node: '>=10.0.0'}
    peerDependencies:
      bufferutil: ^4.0.1
      utf-8-validate: '>=5.0.2'
    peerDependenciesMeta:
      bufferutil:
        optional: true
      utf-8-validate:
        optional: true

  xmlhttprequest-ssl@2.0.0:
    resolution: {integrity: sha512-QKxVRxiRACQcVuQEYFsI1hhkrMlrXHPegbbd1yn9UHOmRxY+si12nQYzri3vbzt8VdTTRviqcKxcyllFas5z2A==}
    engines: {node: '>=0.4.0'}

snapshots:

  '@serialport/binding-mock@10.2.2':
    dependencies:
      '@serialport/bindings-interface': 1.2.2
      debug: 4.3.5
    transitivePeerDependencies:
      - supports-color

  '@serialport/bindings-cpp@12.0.1':
    dependencies:
      '@serialport/bindings-interface': 1.2.2
      '@serialport/parser-readline': 11.0.0
      debug: 4.3.4
      node-addon-api: 7.0.0
      node-gyp-build: 4.6.0
    transitivePeerDependencies:
      - supports-color

  '@serialport/bindings-interface@1.2.2': {}

  '@serialport/parser-byte-length@12.0.0': {}

  '@serialport/parser-cctalk@12.0.0': {}

  '@serialport/parser-delimiter@11.0.0': {}

  '@serialport/parser-delimiter@12.0.0': {}

  '@serialport/parser-inter-byte-timeout@12.0.0': {}

  '@serialport/parser-packet-length@12.0.0': {}

  '@serialport/parser-readline@11.0.0':
    dependencies:
      '@serialport/parser-delimiter': 11.0.0

  '@serialport/parser-readline@12.0.0':
    dependencies:
      '@serialport/parser-delimiter': 12.0.0

  '@serialport/parser-ready@12.0.0': {}

  '@serialport/parser-regex@12.0.0': {}

  '@serialport/parser-slip-encoder@12.0.0': {}

  '@serialport/parser-spacepacket@12.0.0': {}

  '@serialport/stream@12.0.0':
    dependencies:
      '@serialport/bindings-interface': 1.2.2
      debug: 4.3.4
    transitivePeerDependencies:
      - supports-color

  '@socket.io/component-emitter@3.1.2': {}

  data-uri-to-buffer@4.0.1: {}

  debug@4.3.4:
    dependencies:
      ms: 2.1.2

  debug@4.3.5:
    dependencies:
      ms: 2.1.2

  diacritics@1.3.0: {}

  dotenv@16.4.5: {}

  engine.io-client@6.5.4:
    dependencies:
      '@socket.io/component-emitter': 3.1.2
      debug: 4.3.5
      engine.io-parser: 5.2.3
      ws: 8.17.1
      xmlhttprequest-ssl: 2.0.0
    transitivePeerDependencies:
      - bufferutil
      - supports-color
      - utf-8-validate

  engine.io-parser@5.2.3: {}

  fetch-blob@3.2.0:
    dependencies:
      node-domexception: 1.0.0
      web-streams-polyfill: 3.3.3

  formdata-polyfill@4.0.10:
    dependencies:
      fetch-blob: 3.2.0

  ms@2.1.2: {}

  node-addon-api@7.0.0: {}

  node-domexception@1.0.0: {}

  node-fetch@3.3.2:
    dependencies:
      data-uri-to-buffer: 4.0.1
      fetch-blob: 3.2.0
      formdata-polyfill: 4.0.10

  node-gyp-build@4.6.0: {}

  serialport@12.0.0:
    dependencies:
      '@serialport/binding-mock': 10.2.2
      '@serialport/bindings-cpp': 12.0.1
      '@serialport/parser-byte-length': 12.0.0
      '@serialport/parser-cctalk': 12.0.0
      '@serialport/parser-delimiter': 12.0.0
      '@serialport/parser-inter-byte-timeout': 12.0.0
      '@serialport/parser-packet-length': 12.0.0
      '@serialport/parser-readline': 12.0.0
      '@serialport/parser-ready': 12.0.0
      '@serialport/parser-regex': 12.0.0
      '@serialport/parser-slip-encoder': 12.0.0
      '@serialport/parser-spacepacket': 12.0.0
      '@serialport/stream': 12.0.0
      debug: 4.3.4
    transitivePeerDependencies:
      - supports-color

  socket.io-client@4.7.5:
    dependencies:
      '@socket.io/component-emitter': 3.1.2
      debug: 4.3.5
      engine.io-client: 6.5.4
      socket.io-parser: 4.2.4
    transitivePeerDependencies:
      - bufferutil
      - supports-color
      - utf-8-validate

  socket.io-parser@4.2.4:
    dependencies:
      '@socket.io/component-emitter': 3.1.2
      debug: 4.3.5
    transitivePeerDependencies:
      - supports-color

  web-streams-polyfill@3.3.3: {}

  ws@8.17.1: {}

  xmlhttprequest-ssl@2.0.0: {}
